github.com/gosimple/slug v1.13.1 h1:bQ+kpX9Qa6tHRaK+fZR0A0M2Kd7Pa5eHPPsb1JpHD+Q=
github.com/gosimple/slug v1.13.1/go.mod h1:UiRaFH+GEilHstLUmcBgWcI42viBN7mAb818JrYOeFQ=
github.com/gosimple/unidecode v1.0.1 h1:hZzFTMMqSswvf0LBJZCZgThIZrpDHFXux9KeGmn6T/o=
github.com/gosimple/unidecode v1.0.1/go.mod h1:CP0Cr1Y1kogOtx0bJblKzsVWrqYaqfNOnHzpgWw4Awc=
github.com/rwxrob/bonzai v0.17.0 h1:NyTnKM2EzqvkQfBNWsTt66N1f1FXxqIXFIjkdqD2TZU=
github.com/rwxrob/bonzai v0.17.0/go.mod h1:4HvCTf/HmQLnrtu1X85BjWsQw+eEK+Pawuh8FhhQl8k=
github.com/rwxrob/compcmd v0.3.0 h1:AlJNItb7+Yk17qmH5E7TJFyBXhna/rS3NeQAgjqbFls=
github.com/rwxrob/compcmd v0.3.0/go.mod h1:XOHl6bS2Uen6Wx2mxtbtUhT8Sbz1IhnaE55xPkhTBD4=
github.com/rwxrob/fn v0.3.3 h1:ymRQGWDhrrvoHKXLJ4WZlgI2qrC7gMOotowQMGvwmVQ=
github.com/rwxrob/fn v0.3.3/go.mod h1:omPqOqEB+dDna09z5pi5YFxq4IZqDvv3wFPUCES5LvY=
github.com/rwxrob/help v0.5.2 h1:fQB2yVbH/6qnh28jNPjZD6E9JIv9oayK5jz62UjXeWo=
github.com/rwxrob/help v0.5.2/go.mod h1:bkcuxsT+UfE8agM8A5FBtEam5Wxc/mhZr8N9KafwzNg=
github.com/rwxrob/pegn v0.0.1 h1:4Z0Lj03LHRWyeUnfXohSr9Hap3mRRi1QtfEKdMGiSmE=
github.com/rwxrob/pegn v0.0.1/go.mod h1:TyD3XS8ddVucs2gwMr1VhB2HbHiruzj6Ub67RZGTfMA=
github.com/rwxrob/scan v0.11.0 h1:VCl8/mxpLDvYl6g4BgCBoz4Lq00Yri6OkuEMIrwAnVw=
github.com/rwxrob/scan v0.11.0/go.mod h1:sDIllL5+Ppk33AHkhhdrkPLP0EheWQPoNotKMhUfCIg=
github.com/rwxrob/structs v0.6.0 h1:t8JVd/Pee1OGaXgT6QYmGed470C9vOw6scdH8Cr5LPg=
github.com/rwxrob/structs v0.6.0/go.mod h1:txMfzPfEiIDNM5bwhzUqxr/1QQ3ekOuj3KLT8Nt1fA0=
github.com/rwxrob/term v0.2.8 h1:N9spr+owF8mRizSqPiATu5F0v2VJUIKwRldsibAUys8=
github.com/rwxrob/term v0.2.8/go.mod h1:UruWGJ5mrQH5v1XBg52s7ldZUBXxEODevbkoFUM4SrQ=
github.com/rwxrob/to v0.8.0 h1:SUhUppTxrRZQpPP5twHxuyj08ENZkM0PD8RL5DkCYWY=
github.com/rwxrob/to v0.8.0/go.mod h1:5z3Y1tyXRmPfa+be5hvnxYuLQ0NSBQsE6mIBVTqlYTA=
golang.org/x/crypto v0.1.0 h1:MDRAIl0xIo9Io2xV565hzXHw3zVseKrJKodhohM5CjU=
golang.org/x/crypto v0.1.0/go.mod h1:RecgLatLF4+eUMCP1PoPZQb+cVrJcOPbHkTkbkB9sbw=
golang.org/x/sys v0.2.0 h1:ljd4t30dBnAvMZaQCevtY0xLLD0A+bRZXbgLMLU1F/A=
golang.org/x/sys v0.2.0/go.mod h1:oPkhp1MJrh7nUepCBck5+mAzfO9JrbApNNgaTdGDITg=
golang.org/x/term v0.2.0 h1:z85xZCsEl7bi/KwbNADeBYoOP0++7W1ipu+aGnpwzRM=
golang.org/x/term v0.2.0/go.mod h1:TVmDHMZPmdnySmBfhjOoOdhjzdE1h4u1VwSiw2l1Nuc=
